
Microsoft Visual Studio Solution File, Format Version 12.00
# Visual Studio Version 17
VisualStudioVersion = 17.13.35825.156 d17.13
MinimumVisualStudioVersion = 10.0.40219.1
Project("{FAE04EC0-301F-11D3-BF4B-00C04F79EFBC}") = "sem07", "sem07\sem07.csproj", "{7BD39644-D251-4E37-9003-3C8B76DA41F3}"
EndProject
Global
	GlobalSection(SolutionConfigurationPlatforms) = preSolution
		Debug|Any CPU = Debug|Any CPU
		Release|Any CPU = Release|Any CPU
	EndGlobalSection
	GlobalSection(ProjectConfigurationPlatforms) = postSolution
		{7BD39644-D251-4E37-9003-3C8B76DA41F3}.Debug|Any CPU.ActiveCfg = Debug|Any CPU
		{7BD39644-D251-4E37-9003-3C8B76DA41F3}.Debug|Any CPU.Build.0 = Debug|Any CPU
		{7BD39644-D251-4E37-9003-3C8B76DA41F3}.Release|Any CPU.ActiveCfg = Release|Any CPU
		{7BD39644-D251-4E37-9003-3C8B76DA41F3}.Release|Any CPU.Build.0 = Release|Any CPU
	EndGlobalSection
	GlobalSection(SolutionProperties) = preSolution
		HideSolutionNode = FALSE
	EndGlobalSection
	GlobalSection(ExtensibilityGlobals) = postSolution
		SolutionGuid = {E37FD3B2-FC8B-474C-9C5A-6CCE9E58FCF3}
	EndGlobalSection
EndGlobal
